
Microsoft Visual Studio Solution File, Format Version 12.00
# Visual Studio Version 17
VisualStudioVersion = 17.10.35013.160
MinimumVisualStudioVersion = 10.0.40219.1
Project("{FAE04EC0-301F-11D3-BF4B-00C04F79EFBC}") = "CodePortfolio", "CodePortfolio.csproj", "{4B90C07B-BCCF-4F25-9F0F-B1ADC9D1BA21}"
EndProject
Global
	GlobalSection(SolutionConfigurationPlatforms) = preSolution
		Debug|Any CPU = Debug|Any CPU
		Release|Any CPU = Release|Any CPU
	EndGlobalSection
	GlobalSection(ProjectConfigurationPlatforms) = postSolution
		{4B90C07B-BCCF-4F25-9F0F-B1ADC9D1BA21}.Debug|Any CPU.ActiveCfg = Debug|Any CPU
		{4B90C07B-BCCF-4F25-9F0F-B1ADC9D1BA21}.Debug|Any CPU.Build.0 = Debug|Any CPU
		{4B90C07B-BCCF-4F25-9F0F-B1ADC9D1BA21}.Release|Any CPU.ActiveCfg = Release|Any CPU
		{4B90C07B-BCCF-4F25-9F0F-B1ADC9D1BA21}.Release|Any CPU.Build.0 = Release|Any CPU
	EndGlobalSection
	GlobalSection(SolutionProperties) = preSolution
		HideSolutionNode = FALSE
	EndGlobalSection
	GlobalSection(ExtensibilityGlobals) = postSolution
		SolutionGuid = {330D679A-DA76-4602-99D6-D68590BC502E}
	EndGlobalSection
EndGlobal
